
Microsoft Visual Studio Solution File, Format Version 12.00
# Visual Studio Version 17
VisualStudioVersion = 17.14.36414.22 d17.14
MinimumVisualStudioVersion = 10.0.40219.1
Project("{FAE04EC0-301F-11D3-BF4B-00C04F79EFBC}") = "Demo", "Demo\Demo.csproj", "{F4A41782-8A0A-41A4-9CD2-BCB1EB3FD555}"
EndProject
Project("{FAE04EC0-301F-11D3-BF4B-00C04F79EFBC}") = "SweetLine", "SweetLine\SweetLine.csproj", "{109FC87B-1A17-4A0D-AB2B-36D777298BBD}"
EndProject
Global
	GlobalSection(SolutionConfigurationPlatforms) = preSolution
		Debug|Any CPU = Debug|Any CPU
		Release|Any CPU = Release|Any CPU
	EndGlobalSection
	GlobalSection(ProjectConfigurationPlatforms) = postSolution
		{F4A41782-8A0A-41A4-9CD2-BCB1EB3FD555}.Debug|Any CPU.ActiveCfg = Debug|Any CPU
		{F4A41782-8A0A-41A4-9CD2-BCB1EB3FD555}.Debug|Any CPU.Build.0 = Debug|Any CPU
		{F4A41782-8A0A-41A4-9CD2-BCB1EB3FD555}.Release|Any CPU.ActiveCfg = Release|Any CPU
		{F4A41782-8A0A-41A4-9CD2-BCB1EB3FD555}.Release|Any CPU.Build.0 = Release|Any CPU
		{109FC87B-1A17-4A0D-AB2B-36D777298BBD}.Debug|Any CPU.ActiveCfg = Debug|Any CPU
		{109FC87B-1A17-4A0D-AB2B-36D777298BBD}.Debug|Any CPU.Build.0 = Debug|Any CPU
		{109FC87B-1A17-4A0D-AB2B-36D777298BBD}.Release|Any CPU.ActiveCfg = Release|Any CPU
		{109FC87B-1A17-4A0D-AB2B-36D777298BBD}.Release|Any CPU.Build.0 = Release|Any CPU
	EndGlobalSection
	GlobalSection(SolutionProperties) = preSolution
		HideSolutionNode = FALSE
	EndGlobalSection
	GlobalSection(ExtensibilityGlobals) = postSolution
		SolutionGuid = {7A3620F2-2E7A-4BCD-961A-3B58CFB2C96A}
	EndGlobalSection
EndGlobal
